{
  "name": "visual",
  "version": "1.0.7",
  "lockfileVersion": 1,
  "requires": true,
  "dependencies": {
    "powerbi-visuals-utils-dataviewutils": {
      "version": "1.4.1",
      "resolved": "https://registry.npmjs.org/powerbi-visuals-utils-dataviewutils/-/powerbi-visuals-utils-dataviewutils-1.4.1.tgz",
      "integrity": "sha1-+z8Hq7d1mpLVkEGJzyrkMRPLr9M="
    }
  }
}
